<?xml version="1.0" encoding="utf-8"?>
<Project ToolsVersion="4.0" xmlns="http://schemas.microsoft.com/developer/msbuild/2003">
  <ItemGroup>
    <FxCompile Include="AssimpPixel.hlsl">
      <Filter>ソースファイル\system</Filter>
    </FxCompile>
    <FxCompile Include="AssimpVertex.hlsl">
      <Filter>ソースファイル\system</Filter>
    </FxCompile>
    <FxCompile Include="Pixel.hlsl">
      <Filter>ソースファイル\system</Filter>
    </FxCompile>
    <FxCompile Include="Pixel2D.hlsl">
      <Filter>ソースファイル\system</Filter>
    </FxCompile>
    <FxCompile Include="Vertex.hlsl">
      <Filter>ソースファイル\system</Filter>
    </FxCompile>
    <FxCompile Include="Vertex2D.hlsl">
      <Filter>ソースファイル\system</Filter>
    </FxCompile>
  </ItemGroup>
  <ItemGroup>
    <ClCompile Include="AssimpModel.cpp">
      <Filter>ソースファイル\system</Filter>
    </ClCompile>
    <ClCompile Include="button.cpp">
      <Filter>ソースファイル\system</Filter>
    </ClCompile>
    <ClCompile Include="Camera.cpp">
      <Filter>ソースファイル\scene\gameScene\player</Filter>
    </ClCompile>
    <ClCompile Include="buliding1.cpp">
      <Filter>ソースファイル\scene\gameScene\object</Filter>
    </ClCompile>
    <ClCompile Include="cloud.cpp">
      <Filter>ソースファイル\scene\gameScene\object</Filter>
    </ClCompile>
    <ClCompile Include="cloudManagercpp.cpp">
      <Filter>ソースファイル\scene\gameScene\object</Filter>
    </ClCompile>
    <ClCompile Include="collision.cpp">
      <Filter>ソースファイル\system</Filter>
    </ClCompile>
    <ClCompile Include="crew.cpp">
      <Filter>ソースファイル\scene\gameScene\object</Filter>
    </ClCompile>
    <ClCompile Include="bg.cpp">
      <Filter>ソースファイル\scene\gameScene\UI</Filter>
    </ClCompile>
    <ClCompile Include="Cunt.cpp">
      <Filter>ソースファイル\scene\gameScene\UI</Filter>
    </ClCompile>
    <ClCompile Include="debugproc.cpp">
      <Filter>ソースファイル\system</Filter>
    </ClCompile>
    <ClCompile Include="EffectManager.cpp">
      <Filter>ソースファイル\system</Filter>
    </ClCompile>
    <ClCompile Include="EffectTest.cpp">
      <Filter>ソースファイル\system</Filter>
    </ClCompile>
    <ClCompile Include="enemy.cpp">
      <Filter>ソースファイル\scene\gameScene\object</Filter>
    </ClCompile>
    <ClCompile Include="fade.cpp">
      <Filter>ソースファイル\system</Filter>
    </ClCompile>
    <ClCompile Include="gameScene.cpp">
      <Filter>ソースファイル\scene\gameScene</Filter>
    </ClCompile>
    <ClCompile Include="goal.cpp">
      <Filter>ソースファイル\scene\gameScene\object</Filter>
    </ClCompile>
    <ClCompile Include="input.cpp">
      <Filter>ソースファイル\system</Filter>
    </ClCompile>
    <ClCompile Include="lever.cpp">
      <Filter>ソースファイル\scene\gameScene\UI</Filter>
    </ClCompile>
    <ClCompile Include="Light.cpp">
      <Filter>ソースファイル\system</Filter>
    </ClCompile>
    <ClCompile Include="main.cpp">
      <Filter>ソースファイル\scene</Filter>
    </ClCompile>
    <ClCompile Include="mesh.cpp">
      <Filter>ソースファイル\system</Filter>
    </ClCompile>
    <ClCompile Include="meshfield.cpp">
      <Filter>ソースファイル\scene\gameScene\object</Filter>
    </ClCompile>
    <ClCompile Include="model.cpp">
      <Filter>ソースファイル\scene\gameScene\player</Filter>
    </ClCompile>
    <ClCompile Include="object.cpp">
      <Filter>ソースファイル\system</Filter>
    </ClCompile>
    <ClCompile Include="pause.cpp">
      <Filter>ソースファイル\scene\gameScene\UI</Filter>
    </ClCompile>
    <ClCompile Include="player.cpp">
      <Filter>ソースファイル\scene\gameScene\player</Filter>
    </ClCompile>
    <ClCompile Include="polygon.cpp">
      <Filter>ソースファイル\system</Filter>
    </ClCompile>
    <ClCompile Include="resultScene.cpp">
      <Filter>ソースファイル\scene\gameScene\UI</Filter>
    </ClCompile>
    <ClCompile Include="scene.cpp">
      <Filter>ソースファイル\scene</Filter>
    </ClCompile>
    <ClCompile Include="sceneBase.cpp">
      <Filter>ソースファイル\system</Filter>
    </ClCompile>
    <ClCompile Include="ScoreUI.cpp">
      <Filter>ソースファイル\scene\gameScene\UI</Filter>
    </ClCompile>
    <ClCompile Include="Shader.cpp">
      <Filter>ソースファイル\system</Filter>
    </ClCompile>
    <ClCompile Include="shadow.cpp">
      <Filter>ソースファイル\system</Filter>
    </ClCompile>
    <ClCompile Include="Sound.cpp">
      <Filter>ソースファイル\system</Filter>
    </ClCompile>
    <ClCompile Include="stageButton.cpp">
      <Filter>ソースファイル\scene\stageSelectScene</Filter>
    </ClCompile>
    <ClCompile Include="stageSelectBG.cpp">
      <Filter>ソースファイル\scene\stageSelectScene</Filter>
    </ClCompile>
    <ClCompile Include="stageSelectScene.cpp">
      <Filter>ソースファイル\scene\stageSelectScene</Filter>
    </ClCompile>
    <ClCompile Include="staminaBar.cpp">
      <Filter>ソースファイル\scene\gameScene\player</Filter>
    </ClCompile>
    <ClCompile Include="Texture.cpp">
      <Filter>ソースファイル\system</Filter>
    </ClCompile>
    <ClCompile Include="titleBG.cpp">
      <Filter>ソースファイル\scene\titleScene</Filter>
    </ClCompile>
    <ClCompile Include="UI.cpp">
      <Filter>ソースファイル\system</Filter>
    </ClCompile>
    <ClCompile Include="titleButton.cpp">
      <Filter>ソースファイル\scene\titleScene</Filter>
    </ClCompile>
    <ClCompile Include="titleScene.cpp">
      <Filter>ソースファイル\scene\titleScene</Filter>
    </ClCompile>
    <ClCompile Include="titleUI.cpp">
      <Filter>ソースファイル\scene\titleScene</Filter>
    </ClCompile>
    <ClCompile Include="wind.cpp">
      <Filter>ソースファイル\scene\gameScene\object</Filter>
    </ClCompile>
    <ClCompile Include="gameOverScene.cpp">
      <Filter>ソースファイル\scene\gameOverScene</Filter>
    </ClCompile>
    <ClCompile Include="gameOverSceneBG.cpp">
      <Filter>ソースファイル\scene\gameOverScene</Filter>
    </ClCompile>
    <ClCompile Include="gameOverSceneButton.cpp">
      <Filter>ソースファイル\scene\gameOverScene</Filter>
    </ClCompile>
    <ClCompile Include="goalUI.cpp">
      <Filter>ソースファイル\scene\gameScene\UI</Filter>
    </ClCompile>
    <ClCompile Include="timerUI.cpp">
      <Filter>ソースファイル\scene\gameScene\UI</Filter>
    </ClCompile>
    <ClCompile Include="crewUI.cpp">
      <Filter>ソースファイル\scene\gameScene\UI</Filter>
    </ClCompile>
    <ClCompile Include="escapeText.cpp">
      <Filter>ソースファイル\scene\gameScene\UI</Filter>
    </ClCompile>
    <ClCompile Include="windManager.cpp">
      <Filter>ソースファイル\scene\gameScene\object</Filter>
    </ClCompile>
    <ClCompile Include="tutorial.cpp">
      <Filter>ソースファイル\scene\gameScene\UI</Filter>
    </ClCompile>
  </ItemGroup>
  <ItemGroup>
    <ClInclude Include="AssimpModel.h">
      <Filter>ヘッダーファイル\system</Filter>
    </ClInclude>
    <ClInclude Include="button.h">
      <Filter>ヘッダーファイル\system</Filter>
    </ClInclude>
    <ClInclude Include="Camera.h">
      <Filter>ヘッダーファイル\scene\gameScene\player</Filter>
    </ClInclude>
    <ClInclude Include="collision.h">
      <Filter>ヘッダーファイル\system</Filter>
    </ClInclude>
    <ClInclude Include="buliding1.h">
      <Filter>ヘッダーファイル\scene\gameScene\object</Filter>
    </ClInclude>
    <ClInclude Include="cloud.h">
      <Filter>ヘッダーファイル\scene\gameScene\object</Filter>
    </ClInclude>
    <ClInclude Include="cloudManager.h">
      <Filter>ヘッダーファイル\scene\gameScene\object</Filter>
    </ClInclude>
    <ClInclude Include="crew.h">
      <Filter>ヘッダーファイル\scene\gameScene\object</Filter>
    </ClInclude>
    <ClInclude Include="bg.h">
      <Filter>ヘッダーファイル\scene\gameScene\UI</Filter>
    </ClInclude>
    <ClInclude Include="Cunt.h">
      <Filter>ヘッダーファイル\scene\gameScene\UI</Filter>
    </ClInclude>
    <ClInclude Include="debugproc.h">
      <Filter>ヘッダーファイル\system</Filter>
    </ClInclude>
    <ClInclude Include="EffectManager.h">
      <Filter>ヘッダーファイル\system</Filter>
    </ClInclude>
    <ClInclude Include="EffectTest.h">
      <Filter>ヘッダーファイル\system</Filter>
    </ClInclude>
    <ClInclude Include="enemy.h">
      <Filter>ヘッダーファイル\scene\gameScene\object</Filter>
    </ClInclude>
    <ClInclude Include="fade.h">
      <Filter>ヘッダーファイル\system</Filter>
    </ClInclude>
    <ClInclude Include="gameScene.h">
      <Filter>ヘッダーファイル\scene\gameScene</Filter>
    </ClInclude>
    <ClInclude Include="goal.h">
      <Filter>ヘッダーファイル\scene\gameScene\object</Filter>
    </ClInclude>
    <ClInclude Include="input.h">
      <Filter>ヘッダーファイル\system</Filter>
    </ClInclude>
    <ClInclude Include="lever.h">
      <Filter>ヘッダーファイル\scene\gameScene\UI</Filter>
    </ClInclude>
    <ClInclude Include="Light.h">
      <Filter>ヘッダーファイル\system</Filter>
    </ClInclude>
    <ClInclude Include="main.h">
      <Filter>ヘッダーファイル\scene</Filter>
    </ClInclude>
    <ClInclude Include="mesh.h">
      <Filter>ヘッダーファイル\system</Filter>
    </ClInclude>
    <ClInclude Include="meshfield.h">
      <Filter>ヘッダーファイル\scene\gameScene\object</Filter>
    </ClInclude>
    <ClInclude Include="model.h">
      <Filter>ヘッダーファイル\scene\gameScene\player</Filter>
    </ClInclude>
    <ClInclude Include="object.h">
      <Filter>ヘッダーファイル\system</Filter>
    </ClInclude>
    <ClInclude Include="pause.h">
      <Filter>ヘッダーファイル\scene\gameScene\UI</Filter>
    </ClInclude>
    <ClInclude Include="player.h">
      <Filter>ヘッダーファイル\scene\gameScene\player</Filter>
    </ClInclude>
    <ClInclude Include="polygon.h">
      <Filter>ヘッダーファイル\system</Filter>
    </ClInclude>
    <ClInclude Include="resource.h">
      <Filter>ヘッダーファイル\system</Filter>
    </ClInclude>
    <ClInclude Include="resultScene.h">
      <Filter>ヘッダーファイル\scene\gameScene\UI</Filter>
    </ClInclude>
    <ClInclude Include="scene.h">
      <Filter>ヘッダーファイル\scene</Filter>
    </ClInclude>
    <ClInclude Include="sceneBase.h">
      <Filter>ヘッダーファイル\system</Filter>
    </ClInclude>
    <ClInclude Include="ScoreUI.h">
      <Filter>ヘッダーファイル\scene\gameScene\UI</Filter>
    </ClInclude>
    <ClInclude Include="Shader.h">
      <Filter>ヘッダーファイル\system</Filter>
    </ClInclude>
    <ClInclude Include="shadow.h">
      <Filter>ヘッダーファイル\system</Filter>
    </ClInclude>
    <ClInclude Include="Sound.h">
      <Filter>ヘッダーファイル\system</Filter>
    </ClInclude>
    <ClInclude Include="SoundData.hpp">
      <Filter>ヘッダーファイル\system</Filter>
    </ClInclude>
    <ClInclude Include="SoundData.h">
      <Filter>ヘッダーファイル\system</Filter>
    </ClInclude>
    <ClInclude Include="stageButton.h">
      <Filter>ヘッダーファイル\scene\stageSelect</Filter>
    </ClInclude>
    <ClInclude Include="stageSelectBG.h">
      <Filter>ヘッダーファイル\scene\stageSelect</Filter>
    </ClInclude>
    <ClInclude Include="stageSelectScene.h">
      <Filter>ヘッダーファイル\scene\stageSelect</Filter>
    </ClInclude>
    <ClInclude Include="staminaBar.h">
      <Filter>ヘッダーファイル\scene\gameScene\player</Filter>
    </ClInclude>
    <ClInclude Include="Texture.h">
      <Filter>ヘッダーファイル\system</Filter>
    </ClInclude>
    <ClInclude Include="titleBG.h">
      <Filter>ヘッダーファイル\scene\titleScene</Filter>
    </ClInclude>
    <ClInclude Include="titleButton.h">
      <Filter>ヘッダーファイル\scene\titleScene</Filter>
    </ClInclude>
    <ClInclude Include="titleScene.h">
      <Filter>ヘッダーファイル\scene\titleScene</Filter>
    </ClInclude>
    <ClInclude Include="UI.h">
      <Filter>ヘッダーファイル\system</Filter>
    </ClInclude>
    <ClInclude Include="wind.h">
      <Filter>ヘッダーファイル\scene\gameScene\object</Filter>
    </ClInclude>
    <ClInclude Include="windManager.h">
      <Filter>ヘッダーファイル\scene\gameScene\object</Filter>
    </ClInclude>
    <ClInclude Include="titleUI.h">
      <Filter>ヘッダーファイル\scene\titleScene</Filter>
    </ClInclude>
    <ClInclude Include="gameOverScene.h">
      <Filter>ヘッダーファイル\scene\gameOverScene</Filter>
    </ClInclude>
    <ClInclude Include="gameOverSceneBG.h">
      <Filter>ヘッダーファイル\scene\gameOverScene</Filter>
    </ClInclude>
    <ClInclude Include="gameOverSceneButton.h">
      <Filter>ヘッダーファイル\scene\gameOverScene</Filter>
    </ClInclude>
    <ClInclude Include="crewUI.h">
      <Filter>ヘッダーファイル\scene\gameScene\UI</Filter>
    </ClInclude>
    <ClInclude Include="timerUI.h">
      <Filter>ヘッダーファイル\scene\gameScene\UI</Filter>
    </ClInclude>
    <ClInclude Include="goalUI.h">
      <Filter>ヘッダーファイル\scene\gameScene\UI</Filter>
    </ClInclude>
    <ClInclude Include="escapeText.h">
      <Filter>ヘッダーファイル\scene\gameScene\UI</Filter>
    </ClInclude>
    <ClInclude Include="tutorial.h">
      <Filter>ヘッダーファイル\scene\gameScene\UI</Filter>
    </ClInclude>
  </ItemGroup>
  <ItemGroup>
    <ResourceCompile Include="DX11Game.rc" />
  </ItemGroup>
  <ItemGroup>
    <Image Include="res\directx9.ico" />
    <Image Include="murekidori.ico" />
  </ItemGroup>
  <ItemGroup>
    <Filter Include="ソースファイル">
      <UniqueIdentifier>{f4aa00e2-5d48-4f4d-9405-710c201a0a72}</UniqueIdentifier>
    </Filter>
    <Filter Include="ソースファイル\scene">
      <UniqueIdentifier>{60b8035d-ef5e-4916-a294-be7c9a0131a4}</UniqueIdentifier>
    </Filter>
    <Filter Include="ソースファイル\scene\gameScene">
      <UniqueIdentifier>{f37f2d75-098c-4ff9-8952-e3105086fa82}</UniqueIdentifier>
    </Filter>
    <Filter Include="ソースファイル\scene\stageSelectScene">
      <UniqueIdentifier>{985715c9-e045-4118-bb58-c30e54fc6e61}</UniqueIdentifier>
    </Filter>
    <Filter Include="ソースファイル\scene\titleScene">
      <UniqueIdentifier>{8703762b-5bc6-469d-b5ee-b2a79ccd5d51}</UniqueIdentifier>
    </Filter>
    <Filter Include="ヘッダーファイル">
      <UniqueIdentifier>{0f43b5d8-b288-4fa8-aa8b-accc2d130ce1}</UniqueIdentifier>
    </Filter>
    <Filter Include="ソースファイル\system">
      <UniqueIdentifier>{97b431d8-ce18-46fd-867f-61be045e4a42}</UniqueIdentifier>
    </Filter>
    <Filter Include="ヘッダーファイル\system">
      <UniqueIdentifier>{3ab942a5-13e3-4b91-99ae-06444057e75d}</UniqueIdentifier>
    </Filter>
    <Filter Include="ヘッダーファイル\scene">
      <UniqueIdentifier>{a58d5296-605e-4043-a0e7-e1dd3164ee12}</UniqueIdentifier>
    </Filter>
    <Filter Include="ヘッダーファイル\scene\gameScene">
      <UniqueIdentifier>{165de882-65dc-4baa-817e-068f5abc247c}</UniqueIdentifier>
    </Filter>
    <Filter Include="ソースファイル\scene\gameScene\player">
      <UniqueIdentifier>{9425556f-2204-4a54-b3ce-5dfa29f5342f}</UniqueIdentifier>
    </Filter>
    <Filter Include="ソースファイル\scene\gameScene\object">
      <UniqueIdentifier>{40cbc38f-b1e0-4026-8597-ccd884175611}</UniqueIdentifier>
    </Filter>
    <Filter Include="ヘッダーファイル\scene\gameScene\player">
      <UniqueIdentifier>{661885f3-4dca-443e-9111-8f80b359ccdc}</UniqueIdentifier>
    </Filter>
    <Filter Include="ヘッダーファイル\scene\gameScene\object">
      <UniqueIdentifier>{979dc368-e77a-4780-9c41-f736a40cb815}</UniqueIdentifier>
    </Filter>
    <Filter Include="ソースファイル\scene\gameScene\UI">
      <UniqueIdentifier>{4f687d2b-2405-42dc-ac3d-961dc1c82638}</UniqueIdentifier>
    </Filter>
    <Filter Include="ヘッダーファイル\scene\gameScene\UI">
      <UniqueIdentifier>{b4117378-e627-4d7b-a4e4-e5ec62db9a49}</UniqueIdentifier>
    </Filter>
    <Filter Include="ヘッダーファイル\scene\stageSelect">
      <UniqueIdentifier>{5fd15b29-4958-433c-8d58-31b4b3dc725c}</UniqueIdentifier>
    </Filter>
    <Filter Include="ヘッダーファイル\scene\titleScene">
      <UniqueIdentifier>{2be88ccb-97b4-4329-8881-652ee05d5e56}</UniqueIdentifier>
    </Filter>
    <Filter Include="ソースファイル\scene\gameOverScene">
      <UniqueIdentifier>{276cc74c-943d-4fe3-96e6-933f3e0d5505}</UniqueIdentifier>
    </Filter>
    <Filter Include="ヘッダーファイル\scene\gameOverScene">
      <UniqueIdentifier>{8f38cc13-ad5b-432d-968b-cf8e6f81fd47}</UniqueIdentifier>
    </Filter>
  </ItemGroup>
</Project>